
Microsoft Visual Studio Solution File, Format Version 12.00
# Visual Studio 15
VisualStudioVersion = 15.0.28307.1622
MinimumVisualStudioVersion = 10.0.40219.1
Project("{FAE04EC0-301F-11D3-BF4B-00C04F79EFBC}") = "server", "server\server.csproj", "{A440E60D-15D9-4995-9364-5FF2587F8B8C}"
EndProject
Global
	GlobalSection(SolutionConfigurationPlatforms) = preSolution
		Debug|Any CPU = Debug|Any CPU
		Release|Any CPU = Release|Any CPU
	EndGlobalSection
	GlobalSection(ProjectConfigurationPlatforms) = postSolution
		{A440E60D-15D9-4995-9364-5FF2587F8B8C}.Debug|Any CPU.ActiveCfg = Debug|Any CPU
		{A440E60D-15D9-4995-9364-5FF2587F8B8C}.Debug|Any CPU.Build.0 = Debug|Any CPU
		{A440E60D-15D9-4995-9364-5FF2587F8B8C}.Release|Any CPU.ActiveCfg = Release|Any CPU
		{A440E60D-15D9-4995-9364-5FF2587F8B8C}.Release|Any CPU.Build.0 = Release|Any CPU
	EndGlobalSection
	GlobalSection(SolutionProperties) = preSolution
		HideSolutionNode = FALSE
	EndGlobalSection
	GlobalSection(ExtensibilityGlobals) = postSolution
		SolutionGuid = {424C00A9-D572-4AE1-A02A-51ED0A5408A6}
	EndGlobalSection
EndGlobal
